
Microsoft Visual Studio Solution File, Format Version 12.00
# Visual Studio Version 17
VisualStudioVersion = 17.1.32210.238
MinimumVisualStudioVersion = 10.0.40219.1
Project("{9A19103F-16F7-4668-BE54-9A1E7A4F7556}") = "Project2-GSG", "Project2-GSG\Project2-GSG.csproj", "{81F47B9C-D35B-4D15-9D40-41E9E260A7D4}"
EndProject
Project("{9A19103F-16F7-4668-BE54-9A1E7A4F7556}") = "Project2-GSG.DbModels", "Project2-GSG.DbModels\Project2-GSG.DbModels.csproj", "{A625E2A8-5730-4754-9E1D-142729A0211F}"
EndProject
Project("{FAE04EC0-301F-11D3-BF4B-00C04F79EFBC}") = "Project2-GSG.Core", "Project2-GSG.Core\Project2-GSG.Core.csproj", "{761FB1D2-117D-47DE-B40D-3955EA12F474}"
EndProject
Project("{FAE04EC0-301F-11D3-BF4B-00C04F79EFBC}") = "Project2-GSG.ModelViews", "Project2-GSG.ModelViews\Project2-GSG.ModelViews.csproj", "{B3E69231-CF23-4066-95E0-D2DC27E69A2A}"
EndProject
Project("{FAE04EC0-301F-11D3-BF4B-00C04F79EFBC}") = "Project2-GSG.Common", "Project2-GSG.Common\Project2-GSG.Common.csproj", "{84CB240E-63C1-42C4-8752-E214A7565D04}"
EndProject
Global
	GlobalSection(SolutionConfigurationPlatforms) = preSolution
		Debug|Any CPU = Debug|Any CPU
		Release|Any CPU = Release|Any CPU
	EndGlobalSection
	GlobalSection(ProjectConfigurationPlatforms) = postSolution
		{81F47B9C-D35B-4D15-9D40-41E9E260A7D4}.Debug|Any CPU.ActiveCfg = Debug|Any CPU
		{81F47B9C-D35B-4D15-9D40-41E9E260A7D4}.Debug|Any CPU.Build.0 = Debug|Any CPU
		{81F47B9C-D35B-4D15-9D40-41E9E260A7D4}.Release|Any CPU.ActiveCfg = Release|Any CPU
		{81F47B9C-D35B-4D15-9D40-41E9E260A7D4}.Release|Any CPU.Build.0 = Release|Any CPU
		{A625E2A8-5730-4754-9E1D-142729A0211F}.Debug|Any CPU.ActiveCfg = Debug|Any CPU
		{A625E2A8-5730-4754-9E1D-142729A0211F}.Debug|Any CPU.Build.0 = Debug|Any CPU
		{A625E2A8-5730-4754-9E1D-142729A0211F}.Release|Any CPU.ActiveCfg = Release|Any CPU
		{A625E2A8-5730-4754-9E1D-142729A0211F}.Release|Any CPU.Build.0 = Release|Any CPU
		{761FB1D2-117D-47DE-B40D-3955EA12F474}.Debug|Any CPU.ActiveCfg = Debug|Any CPU
		{761FB1D2-117D-47DE-B40D-3955EA12F474}.Debug|Any CPU.Build.0 = Debug|Any CPU
		{761FB1D2-117D-47DE-B40D-3955EA12F474}.Release|Any CPU.ActiveCfg = Release|Any CPU
		{761FB1D2-117D-47DE-B40D-3955EA12F474}.Release|Any CPU.Build.0 = Release|Any CPU
		{B3E69231-CF23-4066-95E0-D2DC27E69A2A}.Debug|Any CPU.ActiveCfg = Debug|Any CPU
		{B3E69231-CF23-4066-95E0-D2DC27E69A2A}.Debug|Any CPU.Build.0 = Debug|Any CPU
		{B3E69231-CF23-4066-95E0-D2DC27E69A2A}.Release|Any CPU.ActiveCfg = Release|Any CPU
		{B3E69231-CF23-4066-95E0-D2DC27E69A2A}.Release|Any CPU.Build.0 = Release|Any CPU
		{84CB240E-63C1-42C4-8752-E214A7565D04}.Debug|Any CPU.ActiveCfg = Debug|Any CPU
		{84CB240E-63C1-42C4-8752-E214A7565D04}.Debug|Any CPU.Build.0 = Debug|Any CPU
		{84CB240E-63C1-42C4-8752-E214A7565D04}.Release|Any CPU.ActiveCfg = Release|Any CPU
		{84CB240E-63C1-42C4-8752-E214A7565D04}.Release|Any CPU.Build.0 = Release|Any CPU
	EndGlobalSection
	GlobalSection(SolutionProperties) = preSolution
		HideSolutionNode = FALSE
	EndGlobalSection
	GlobalSection(ExtensibilityGlobals) = postSolution
		SolutionGuid = {C56A181F-DC62-46E7-871A-A78FB126401B}
	EndGlobalSection
EndGlobal
